{
    "_meta": {
        "hash": {
            "sha256": "c136faac654071479b43c9bbf1c011af42a72a1500f67ec40ae7eabf72e230b5"
        },
        "pipfile-spec": 6,
        "requires": {
            "python_version": "3.8"
        },
        "sources": [
            {
                "name": "pypi",
                "url": "https://pypi.org/simple",
                "verify_ssl": true
            }
        ]
    },
    "default": {
        "asgiref": {
            "hashes": [
                "sha256:92906c611ce6c967347bbfea733f13d6313901d54dcca88195eaeb52b2a8e8ee",
                "sha256:d1216dfbdfb63826470995d31caed36225dcaf34f182e0fa257a4dd9e86f1b78"
            ],
            "markers": "python_version >= '3.6'",
            "version": "==3.3.4"
        },
        "django": {
            "hashes": [
                "sha256:66c9d8db8cc6fe938a28b7887c1596e42d522e27618562517cc8929eb7e7f296",
                "sha256:ea735cbbbb3b2fba6d4da4784a0043d84c67c92f1fdf15ad6db69900e792c10f"
            ],
            "index": "pypi",
            "version": "==3.2.4"
        },
        "gunicorn": {
            "hashes": [
                "sha256:9dcc4547dbb1cb284accfb15ab5667a0e5d1881cc443e0677b4882a4067a807e",
                "sha256:e0a968b5ba15f8a328fdfd7ab1fcb5af4470c28aaf7e55df02a99bc13138e6e8"
            ],
            "index": "pypi",
            "version": "==20.1.0"
        },
        "psycopg2-binary": {
            "hashes": [
                "sha256:12111d1f85f4359e0855add57045666d9d46ed7f0ebaf6f3beaab31a53e2e200",
                "sha256:1beea91a8c2fcd35e6f47cef49c165ad55d72ce1642e90da1be3d05fb781766a",
                "sha256:1f1d4588baac29cce8b8488c33be87d729f359cab6902e95c6089c1815e4d5fe",
                "sha256:1fc2fea01c8a11ae5e71b3bc3a612ce020e9859252daa9ac1abb28a6c5901ad5",
                "sha256:307eda4f8df74e563584d0d7193ffed79d5c76018fc8bd0a0fc30609d171a796",
                "sha256:33684f12149493ff79c7086770a0ae4a01e5d57121d35bdd5099281f5123bb8e",
                "sha256:34aa54efce55652722e3f446ff2276542e880b55a088da629d39ad1430b99ada",
                "sha256:49bccbf3e7e428c81bfbd0f25491758a339ef4be3f2ae5c14a63b1a356aee172",
                "sha256:4df2d889e597686c1060fd6aae0d0fd66c0de68d023dad79d615ba43949abbd3",
                "sha256:53a8ba53a174f6a7951c6c046703c73030558f66fa36158077d8708ecb47ed03",
                "sha256:5515c626df6ce6e9058883ace33fece4e32d3409eb70367cc62952f6d6a50dee",
                "sha256:563c502f5602652c856a717c58e0d54bc229d912ec893367069b0a36ae57803f",
                "sha256:5b67a8b07f344b4f2787e39394a78e578b131a7395dcf66c76dfb6cb08cc7721",
                "sha256:650a702774db89afcb50421da812427baec9cdd9045cb315768c3086ea726a4d",
                "sha256:7b23fc784f752b9681f3f183aa855d20f7e08ccdebbd6d38815852b2d1c9a40d",
                "sha256:7bd70a1af75a12aac2535124e7411c2e645dd5f6756eac54f350e9f1d9cf1364",
                "sha256:7d2512cc7d5e40d360e0c6bf064b2292cab7cd71e2f1e02dd19fda618fe2e387",
                "sha256:845e3e7f671560859bfbbc102f79e98d55a8dc5bc88f6026726e80f03a548288",
                "sha256:8909afa6d5e7fb08e145b321342346f37e299e065e3be662e6477e97bbbaf86b",
                "sha256:970491defd389815ec33dba22f7046fbe6e395f5df215b11c31af6e04af0fc17",
                "sha256:987b996e4e6ac0f976269c55e63a7920c3695f34602cc8893daafa56abbb67e0",
                "sha256:a282a030a5043fc672d140aff673065dee1364a926dace88f37afc53a1c4b1a4",
                "sha256:b1fe086276fffd608c2ffcdc03096164fdce3a8b9cd40197b9552766a5ee9147",
                "sha256:b9b8c62051546f2bf526d8825aa64e65752598759de96b4515494a85baff3997",
                "sha256:beda57fd0a82df1666b884a5d746b410ad5441d29905e27bc57ed941bab1e99f",
                "sha256:d1f123aba81c418451b1084a5d23c15c6aae0977ba97d6e880137384d33f2b07",
                "sha256:d466d6bceadf508a84e2fdea835de5ece7add51d3e67845f5775df2c76280407",
                "sha256:d63a56db4baa87f08f51fac8693d06b3d716d83e065eae2ca7d39dd4e17e4296",
                "sha256:ed97b701b913ac8446a0bfe703ab7c7b9857f712e085224eca00a0d69d89b934"
            ],
            "index": "pypi",
            "version": "==2.9"
        },
        "pytz": {
            "hashes": [
                "sha256:83a4a90894bf38e243cf052c8b58f381bfe9a7a483f6a9cab140bc7f702ac4da",
                "sha256:eb10ce3e7736052ed3623d49975ce333bcd712c7bb19a58b9e2089d4057d0798"
            ],
            "version": "==2021.1"
        },
        "sqlparse": {
            "hashes": [
                "sha256:017cde379adbd6a1f15a61873f43e8274179378e95ef3fede90b5aa64d304ed0",
                "sha256:0f91fd2e829c44362cbcfab3e9ae12e22badaa8a29ad5ff599f9ec109f0454e8"
            ],
            "markers": "python_version >= '3.5'",
            "version": "==0.4.1"
        }
    },
    "develop": {}
}
